
Microsoft Visual Studio Solution File, Format Version 12.00
# Visual Studio Version 17
VisualStudioVersion = 17.8.34330.188
MinimumVisualStudioVersion = 10.0.40219.1
Project("{FAE04EC0-301F-11D3-BF4B-00C04F79EFBC}") = "Erudio.HATEOAS", "Erudio.HATEOAS\Erudio.HATEOAS.csproj", "{0FFA317D-C0B8-431A-8896-189E14A816D0}"
EndProject
Global
	GlobalSection(SolutionConfigurationPlatforms) = preSolution
		Debug|Any CPU = Debug|Any CPU
		Release|Any CPU = Release|Any CPU
	EndGlobalSection
	GlobalSection(ProjectConfigurationPlatforms) = postSolution
		{0FFA317D-C0B8-431A-8896-189E14A816D0}.Debug|Any CPU.ActiveCfg = Debug|Any CPU
		{0FFA317D-C0B8-431A-8896-189E14A816D0}.Debug|Any CPU.Build.0 = Debug|Any CPU
		{0FFA317D-C0B8-431A-8896-189E14A816D0}.Release|Any CPU.ActiveCfg = Release|Any CPU
		{0FFA317D-C0B8-431A-8896-189E14A816D0}.Release|Any CPU.Build.0 = Release|Any CPU
	EndGlobalSection
	GlobalSection(SolutionProperties) = preSolution
		HideSolutionNode = FALSE
	EndGlobalSection
	GlobalSection(ExtensibilityGlobals) = postSolution
		SolutionGuid = {E9151E79-F7D2-40CF-9D67-2AAB024BC83C}
	EndGlobalSection
EndGlobal
